
Microsoft Visual Studio Solution File, Format Version 12.00
# Visual Studio Version 16
VisualStudioVersion = 16.0.810.22
MinimumVisualStudioVersion = 10.0.40219.1
Project("{FAE04EC0-301F-11D3-BF4B-00C04F79EFBC}") = "SampleEx102", "SampleEx102\SampleEx102.csproj", "{39499350-A1F2-46C4-9E02-B70CD6DE57AB}"
EndProject
Global
	GlobalSection(SolutionConfigurationPlatforms) = preSolution
		Debug|Any CPU = Debug|Any CPU
		Release|Any CPU = Release|Any CPU
	EndGlobalSection
	GlobalSection(ProjectConfigurationPlatforms) = postSolution
		{39499350-A1F2-46C4-9E02-B70CD6DE57AB}.Debug|Any CPU.ActiveCfg = Debug|Any CPU
		{39499350-A1F2-46C4-9E02-B70CD6DE57AB}.Debug|Any CPU.Build.0 = Debug|Any CPU
		{39499350-A1F2-46C4-9E02-B70CD6DE57AB}.Release|Any CPU.ActiveCfg = Release|Any CPU
		{39499350-A1F2-46C4-9E02-B70CD6DE57AB}.Release|Any CPU.Build.0 = Release|Any CPU
	EndGlobalSection
	GlobalSection(SolutionProperties) = preSolution
		HideSolutionNode = FALSE
	EndGlobalSection
	GlobalSection(ExtensibilityGlobals) = postSolution
		SolutionGuid = {0E74EDE0-A65E-498B-81B9-832A0B5ABF9B}
	EndGlobalSection
EndGlobal
