
Microsoft Visual Studio Solution File, Format Version 12.00
# Visual Studio Version 16
VisualStudioVersion = 16.0.810.22
MinimumVisualStudioVersion = 10.0.40219.1
Project("{FAE04EC0-301F-11D3-BF4B-00C04F79EFBC}") = "Exercise402", "Exercise402\Exercise402.csproj", "{73BD3F55-0AE6-44C9-BE3C-0DD0CC61CDE2}"
EndProject
Global
	GlobalSection(SolutionConfigurationPlatforms) = preSolution
		Debug|Any CPU = Debug|Any CPU
		Release|Any CPU = Release|Any CPU
	EndGlobalSection
	GlobalSection(ProjectConfigurationPlatforms) = postSolution
		{73BD3F55-0AE6-44C9-BE3C-0DD0CC61CDE2}.Debug|Any CPU.ActiveCfg = Debug|Any CPU
		{73BD3F55-0AE6-44C9-BE3C-0DD0CC61CDE2}.Debug|Any CPU.Build.0 = Debug|Any CPU
		{73BD3F55-0AE6-44C9-BE3C-0DD0CC61CDE2}.Release|Any CPU.ActiveCfg = Release|Any CPU
		{73BD3F55-0AE6-44C9-BE3C-0DD0CC61CDE2}.Release|Any CPU.Build.0 = Release|Any CPU
	EndGlobalSection
	GlobalSection(SolutionProperties) = preSolution
		HideSolutionNode = FALSE
	EndGlobalSection
	GlobalSection(ExtensibilityGlobals) = postSolution
		SolutionGuid = {17B7A7D3-8467-4CD0-B133-7F1A80452C75}
	EndGlobalSection
EndGlobal
