
Microsoft Visual Studio Solution File, Format Version 12.00
# Visual Studio Version 16
VisualStudioVersion = 16.0.810.23
MinimumVisualStudioVersion = 10.0.40219.1
Project("{FAE04EC0-301F-11D3-BF4B-00C04F79EFBC}") = "SampleEx501", "SampleEx501\SampleEx501.csproj", "{5DB743AF-E743-47C6-B438-4EF9D4B36E39}"
EndProject
Global
	GlobalSection(SolutionConfigurationPlatforms) = preSolution
		Debug|Any CPU = Debug|Any CPU
		Release|Any CPU = Release|Any CPU
	EndGlobalSection
	GlobalSection(ProjectConfigurationPlatforms) = postSolution
		{5DB743AF-E743-47C6-B438-4EF9D4B36E39}.Debug|Any CPU.ActiveCfg = Debug|Any CPU
		{5DB743AF-E743-47C6-B438-4EF9D4B36E39}.Debug|Any CPU.Build.0 = Debug|Any CPU
		{5DB743AF-E743-47C6-B438-4EF9D4B36E39}.Release|Any CPU.ActiveCfg = Release|Any CPU
		{5DB743AF-E743-47C6-B438-4EF9D4B36E39}.Release|Any CPU.Build.0 = Release|Any CPU
	EndGlobalSection
	GlobalSection(SolutionProperties) = preSolution
		HideSolutionNode = FALSE
	EndGlobalSection
	GlobalSection(ExtensibilityGlobals) = postSolution
		SolutionGuid = {6AD6BAE0-A62A-464D-9270-2B9CAF604ADE}
	EndGlobalSection
EndGlobal
