
Microsoft Visual Studio Solution File, Format Version 12.00
# Visual Studio Version 16
VisualStudioVersion = 16.0.810.22
MinimumVisualStudioVersion = 10.0.40219.1
Project("{FAE04EC0-301F-11D3-BF4B-00C04F79EFBC}") = "Sample501", "Sample501\Sample501.csproj", "{F4AE7199-9C74-4995-A497-69DA3EA56C02}"
EndProject
Global
	GlobalSection(SolutionConfigurationPlatforms) = preSolution
		Debug|Any CPU = Debug|Any CPU
		Release|Any CPU = Release|Any CPU
	EndGlobalSection
	GlobalSection(ProjectConfigurationPlatforms) = postSolution
		{F4AE7199-9C74-4995-A497-69DA3EA56C02}.Debug|Any CPU.ActiveCfg = Debug|Any CPU
		{F4AE7199-9C74-4995-A497-69DA3EA56C02}.Debug|Any CPU.Build.0 = Debug|Any CPU
		{F4AE7199-9C74-4995-A497-69DA3EA56C02}.Release|Any CPU.ActiveCfg = Release|Any CPU
		{F4AE7199-9C74-4995-A497-69DA3EA56C02}.Release|Any CPU.Build.0 = Release|Any CPU
	EndGlobalSection
	GlobalSection(SolutionProperties) = preSolution
		HideSolutionNode = FALSE
	EndGlobalSection
	GlobalSection(ExtensibilityGlobals) = postSolution
		SolutionGuid = {3633DAD9-826A-4909-AF04-97F2E9DA6B17}
	EndGlobalSection
EndGlobal
