
Microsoft Visual Studio Solution File, Format Version 12.00
# Visual Studio Version 16
VisualStudioVersion = 16.0.810.23
MinimumVisualStudioVersion = 10.0.40219.1
Project("{FAE04EC0-301F-11D3-BF4B-00C04F79EFBC}") = "SampleEx304", "SampleEx304\SampleEx304.csproj", "{77C8836B-2183-4B3C-8EC6-C7F598C8F03A}"
EndProject
Global
	GlobalSection(SolutionConfigurationPlatforms) = preSolution
		Debug|Any CPU = Debug|Any CPU
		Release|Any CPU = Release|Any CPU
	EndGlobalSection
	GlobalSection(ProjectConfigurationPlatforms) = postSolution
		{77C8836B-2183-4B3C-8EC6-C7F598C8F03A}.Debug|Any CPU.ActiveCfg = Debug|Any CPU
		{77C8836B-2183-4B3C-8EC6-C7F598C8F03A}.Debug|Any CPU.Build.0 = Debug|Any CPU
		{77C8836B-2183-4B3C-8EC6-C7F598C8F03A}.Release|Any CPU.ActiveCfg = Release|Any CPU
		{77C8836B-2183-4B3C-8EC6-C7F598C8F03A}.Release|Any CPU.Build.0 = Release|Any CPU
	EndGlobalSection
	GlobalSection(SolutionProperties) = preSolution
		HideSolutionNode = FALSE
	EndGlobalSection
	GlobalSection(ExtensibilityGlobals) = postSolution
		SolutionGuid = {0C393023-1060-4E3C-9D17-967078DFF9D9}
	EndGlobalSection
EndGlobal
