
Microsoft Visual Studio Solution File, Format Version 12.00
# Visual Studio Version 16
VisualStudioVersion = 16.0.810.22
MinimumVisualStudioVersion = 10.0.40219.1
Project("{FAE04EC0-301F-11D3-BF4B-00C04F79EFBC}") = "Sample306", "Sample306\Sample306.csproj", "{09557AED-0B18-47AF-95C7-F22BA5C64156}"
EndProject
Global
	GlobalSection(SolutionConfigurationPlatforms) = preSolution
		Debug|Any CPU = Debug|Any CPU
		Release|Any CPU = Release|Any CPU
	EndGlobalSection
	GlobalSection(ProjectConfigurationPlatforms) = postSolution
		{09557AED-0B18-47AF-95C7-F22BA5C64156}.Debug|Any CPU.ActiveCfg = Debug|Any CPU
		{09557AED-0B18-47AF-95C7-F22BA5C64156}.Debug|Any CPU.Build.0 = Debug|Any CPU
		{09557AED-0B18-47AF-95C7-F22BA5C64156}.Release|Any CPU.ActiveCfg = Release|Any CPU
		{09557AED-0B18-47AF-95C7-F22BA5C64156}.Release|Any CPU.Build.0 = Release|Any CPU
	EndGlobalSection
	GlobalSection(SolutionProperties) = preSolution
		HideSolutionNode = FALSE
	EndGlobalSection
	GlobalSection(ExtensibilityGlobals) = postSolution
		SolutionGuid = {515D39EF-8499-4A3C-BAFD-D901BA6CA025}
	EndGlobalSection
EndGlobal
