
Microsoft Visual Studio Solution File, Format Version 12.00
# Visual Studio Version 16
VisualStudioVersion = 16.0.810.23
MinimumVisualStudioVersion = 10.0.40219.1
Project("{FAE04EC0-301F-11D3-BF4B-00C04F79EFBC}") = "SampleEx301", "SampleEx301\SampleEx301.csproj", "{B21483AF-C5D2-416C-9F04-8442EA645D29}"
EndProject
Global
	GlobalSection(SolutionConfigurationPlatforms) = preSolution
		Debug|Any CPU = Debug|Any CPU
		Release|Any CPU = Release|Any CPU
	EndGlobalSection
	GlobalSection(ProjectConfigurationPlatforms) = postSolution
		{B21483AF-C5D2-416C-9F04-8442EA645D29}.Debug|Any CPU.ActiveCfg = Debug|Any CPU
		{B21483AF-C5D2-416C-9F04-8442EA645D29}.Debug|Any CPU.Build.0 = Debug|Any CPU
		{B21483AF-C5D2-416C-9F04-8442EA645D29}.Release|Any CPU.ActiveCfg = Release|Any CPU
		{B21483AF-C5D2-416C-9F04-8442EA645D29}.Release|Any CPU.Build.0 = Release|Any CPU
	EndGlobalSection
	GlobalSection(SolutionProperties) = preSolution
		HideSolutionNode = FALSE
	EndGlobalSection
	GlobalSection(ExtensibilityGlobals) = postSolution
		SolutionGuid = {086F3B11-B1EE-49EB-9B04-A19F1FBDEE39}
	EndGlobalSection
EndGlobal
