
Microsoft Visual Studio Solution File, Format Version 12.00
# Visual Studio Version 16
VisualStudioVersion = 16.0.810.22
MinimumVisualStudioVersion = 10.0.40219.1
Project("{FAE04EC0-301F-11D3-BF4B-00C04F79EFBC}") = "Sample506", "Sample506\Sample506.csproj", "{392D2858-6494-4A5B-A8BD-48C6ABD6DDD1}"
EndProject
Global
	GlobalSection(SolutionConfigurationPlatforms) = preSolution
		Debug|Any CPU = Debug|Any CPU
		Release|Any CPU = Release|Any CPU
	EndGlobalSection
	GlobalSection(ProjectConfigurationPlatforms) = postSolution
		{392D2858-6494-4A5B-A8BD-48C6ABD6DDD1}.Debug|Any CPU.ActiveCfg = Debug|Any CPU
		{392D2858-6494-4A5B-A8BD-48C6ABD6DDD1}.Debug|Any CPU.Build.0 = Debug|Any CPU
		{392D2858-6494-4A5B-A8BD-48C6ABD6DDD1}.Release|Any CPU.ActiveCfg = Release|Any CPU
		{392D2858-6494-4A5B-A8BD-48C6ABD6DDD1}.Release|Any CPU.Build.0 = Release|Any CPU
	EndGlobalSection
	GlobalSection(SolutionProperties) = preSolution
		HideSolutionNode = FALSE
	EndGlobalSection
	GlobalSection(ExtensibilityGlobals) = postSolution
		SolutionGuid = {D8F36CB5-323C-47E4-92C4-9D33F6B83BB4}
	EndGlobalSection
EndGlobal
