
Microsoft Visual Studio Solution File, Format Version 12.00
# Visual Studio Version 16
VisualStudioVersion = 16.0.810.22
MinimumVisualStudioVersion = 10.0.40219.1
Project("{FAE04EC0-301F-11D3-BF4B-00C04F79EFBC}") = "Exercise701", "Exercise701\Exercise701.csproj", "{7C6107FA-7DA4-4DB2-9FC5-A6E4F3A3BED8}"
EndProject
Global
	GlobalSection(SolutionConfigurationPlatforms) = preSolution
		Debug|Any CPU = Debug|Any CPU
		Release|Any CPU = Release|Any CPU
	EndGlobalSection
	GlobalSection(ProjectConfigurationPlatforms) = postSolution
		{7C6107FA-7DA4-4DB2-9FC5-A6E4F3A3BED8}.Debug|Any CPU.ActiveCfg = Debug|Any CPU
		{7C6107FA-7DA4-4DB2-9FC5-A6E4F3A3BED8}.Debug|Any CPU.Build.0 = Debug|Any CPU
		{7C6107FA-7DA4-4DB2-9FC5-A6E4F3A3BED8}.Release|Any CPU.ActiveCfg = Release|Any CPU
		{7C6107FA-7DA4-4DB2-9FC5-A6E4F3A3BED8}.Release|Any CPU.Build.0 = Release|Any CPU
	EndGlobalSection
	GlobalSection(SolutionProperties) = preSolution
		HideSolutionNode = FALSE
	EndGlobalSection
	GlobalSection(ExtensibilityGlobals) = postSolution
		SolutionGuid = {3F0219A0-ECE6-4555-ABF5-C3A02E5BDA03}
	EndGlobalSection
EndGlobal
