
Microsoft Visual Studio Solution File, Format Version 12.00
# Visual Studio Version 16
VisualStudioVersion = 16.0.810.23
MinimumVisualStudioVersion = 10.0.40219.1
Project("{FAE04EC0-301F-11D3-BF4B-00C04F79EFBC}") = "SampleEx202", "SampleEx202\SampleEx202.csproj", "{683E4198-22FA-4627-BF30-342B5BFEAE82}"
EndProject
Global
	GlobalSection(SolutionConfigurationPlatforms) = preSolution
		Debug|Any CPU = Debug|Any CPU
		Release|Any CPU = Release|Any CPU
	EndGlobalSection
	GlobalSection(ProjectConfigurationPlatforms) = postSolution
		{683E4198-22FA-4627-BF30-342B5BFEAE82}.Debug|Any CPU.ActiveCfg = Debug|Any CPU
		{683E4198-22FA-4627-BF30-342B5BFEAE82}.Debug|Any CPU.Build.0 = Debug|Any CPU
		{683E4198-22FA-4627-BF30-342B5BFEAE82}.Release|Any CPU.ActiveCfg = Release|Any CPU
		{683E4198-22FA-4627-BF30-342B5BFEAE82}.Release|Any CPU.Build.0 = Release|Any CPU
	EndGlobalSection
	GlobalSection(SolutionProperties) = preSolution
		HideSolutionNode = FALSE
	EndGlobalSection
	GlobalSection(ExtensibilityGlobals) = postSolution
		SolutionGuid = {E4AA002C-C82C-4155-8F40-E6805658ABE2}
	EndGlobalSection
EndGlobal
