
Microsoft Visual Studio Solution File, Format Version 12.00
# Visual Studio Version 16
VisualStudioVersion = 16.0.810.23
MinimumVisualStudioVersion = 10.0.40219.1
Project("{FAE04EC0-301F-11D3-BF4B-00C04F79EFBC}") = "SampleEx604", "SampleEx604\SampleEx604.csproj", "{666EDC29-E7A0-494C-B605-7CDDD0FCD4CA}"
EndProject
Global
	GlobalSection(SolutionConfigurationPlatforms) = preSolution
		Debug|Any CPU = Debug|Any CPU
		Release|Any CPU = Release|Any CPU
	EndGlobalSection
	GlobalSection(ProjectConfigurationPlatforms) = postSolution
		{666EDC29-E7A0-494C-B605-7CDDD0FCD4CA}.Debug|Any CPU.ActiveCfg = Debug|Any CPU
		{666EDC29-E7A0-494C-B605-7CDDD0FCD4CA}.Debug|Any CPU.Build.0 = Debug|Any CPU
		{666EDC29-E7A0-494C-B605-7CDDD0FCD4CA}.Release|Any CPU.ActiveCfg = Release|Any CPU
		{666EDC29-E7A0-494C-B605-7CDDD0FCD4CA}.Release|Any CPU.Build.0 = Release|Any CPU
	EndGlobalSection
	GlobalSection(SolutionProperties) = preSolution
		HideSolutionNode = FALSE
	EndGlobalSection
	GlobalSection(ExtensibilityGlobals) = postSolution
		SolutionGuid = {5D16F455-C037-4251-A3F2-AF5D68469C9F}
	EndGlobalSection
EndGlobal
