
Microsoft Visual Studio Solution File, Format Version 12.00
# Visual Studio Version 16
VisualStudioVersion = 16.0.810.23
MinimumVisualStudioVersion = 10.0.40219.1
Project("{FAE04EC0-301F-11D3-BF4B-00C04F79EFBC}") = "ExerciseEx603", "ExerciseEx603\ExerciseEx603.csproj", "{C6BFB9AF-0F79-4ECC-9FFF-654AD8592A76}"
EndProject
Global
	GlobalSection(SolutionConfigurationPlatforms) = preSolution
		Debug|Any CPU = Debug|Any CPU
		Release|Any CPU = Release|Any CPU
	EndGlobalSection
	GlobalSection(ProjectConfigurationPlatforms) = postSolution
		{C6BFB9AF-0F79-4ECC-9FFF-654AD8592A76}.Debug|Any CPU.ActiveCfg = Debug|Any CPU
		{C6BFB9AF-0F79-4ECC-9FFF-654AD8592A76}.Debug|Any CPU.Build.0 = Debug|Any CPU
		{C6BFB9AF-0F79-4ECC-9FFF-654AD8592A76}.Release|Any CPU.ActiveCfg = Release|Any CPU
		{C6BFB9AF-0F79-4ECC-9FFF-654AD8592A76}.Release|Any CPU.Build.0 = Release|Any CPU
	EndGlobalSection
	GlobalSection(SolutionProperties) = preSolution
		HideSolutionNode = FALSE
	EndGlobalSection
	GlobalSection(ExtensibilityGlobals) = postSolution
		SolutionGuid = {441B86E3-E124-413F-9374-38976FDECC51}
	EndGlobalSection
EndGlobal
