
Microsoft Visual Studio Solution File, Format Version 12.00
# Visual Studio Version 16
VisualStudioVersion = 16.0.810.23
MinimumVisualStudioVersion = 10.0.40219.1
Project("{FAE04EC0-301F-11D3-BF4B-00C04F79EFBC}") = "ExerciseEx401", "ExerciseEx401\ExerciseEx401.csproj", "{243E72E1-2016-47B6-8539-50032DADBAE8}"
EndProject
Global
	GlobalSection(SolutionConfigurationPlatforms) = preSolution
		Debug|Any CPU = Debug|Any CPU
		Release|Any CPU = Release|Any CPU
	EndGlobalSection
	GlobalSection(ProjectConfigurationPlatforms) = postSolution
		{243E72E1-2016-47B6-8539-50032DADBAE8}.Debug|Any CPU.ActiveCfg = Debug|Any CPU
		{243E72E1-2016-47B6-8539-50032DADBAE8}.Debug|Any CPU.Build.0 = Debug|Any CPU
		{243E72E1-2016-47B6-8539-50032DADBAE8}.Release|Any CPU.ActiveCfg = Release|Any CPU
		{243E72E1-2016-47B6-8539-50032DADBAE8}.Release|Any CPU.Build.0 = Release|Any CPU
	EndGlobalSection
	GlobalSection(SolutionProperties) = preSolution
		HideSolutionNode = FALSE
	EndGlobalSection
	GlobalSection(ExtensibilityGlobals) = postSolution
		SolutionGuid = {C2965EF2-A448-443D-BD64-761861676186}
	EndGlobalSection
EndGlobal
