
Microsoft Visual Studio Solution File, Format Version 12.00
# Visual Studio Version 16
VisualStudioVersion = 16.0.810.22
MinimumVisualStudioVersion = 10.0.40219.1
Project("{FAE04EC0-301F-11D3-BF4B-00C04F79EFBC}") = "Exercise501", "Exercise501\Exercise501.csproj", "{AEC39179-29BA-4B4A-AA5C-D0B3BDE44F46}"
EndProject
Global
	GlobalSection(SolutionConfigurationPlatforms) = preSolution
		Debug|Any CPU = Debug|Any CPU
		Release|Any CPU = Release|Any CPU
	EndGlobalSection
	GlobalSection(ProjectConfigurationPlatforms) = postSolution
		{AEC39179-29BA-4B4A-AA5C-D0B3BDE44F46}.Debug|Any CPU.ActiveCfg = Debug|Any CPU
		{AEC39179-29BA-4B4A-AA5C-D0B3BDE44F46}.Debug|Any CPU.Build.0 = Debug|Any CPU
		{AEC39179-29BA-4B4A-AA5C-D0B3BDE44F46}.Release|Any CPU.ActiveCfg = Release|Any CPU
		{AEC39179-29BA-4B4A-AA5C-D0B3BDE44F46}.Release|Any CPU.Build.0 = Release|Any CPU
	EndGlobalSection
	GlobalSection(SolutionProperties) = preSolution
		HideSolutionNode = FALSE
	EndGlobalSection
	GlobalSection(ExtensibilityGlobals) = postSolution
		SolutionGuid = {AE7A4E3B-E18E-4ABA-BE85-57A4A63FC879}
	EndGlobalSection
EndGlobal
