
Microsoft Visual Studio Solution File, Format Version 12.00
# Visual Studio Version 16
VisualStudioVersion = 16.0.810.22
MinimumVisualStudioVersion = 10.0.40219.1
Project("{FAE04EC0-301F-11D3-BF4B-00C04F79EFBC}") = "Exercise202", "Exercise202\Exercise202.csproj", "{BAC67519-BBA4-4150-A1A8-ADDF27CFF718}"
EndProject
Global
	GlobalSection(SolutionConfigurationPlatforms) = preSolution
		Debug|Any CPU = Debug|Any CPU
		Release|Any CPU = Release|Any CPU
	EndGlobalSection
	GlobalSection(ProjectConfigurationPlatforms) = postSolution
		{BAC67519-BBA4-4150-A1A8-ADDF27CFF718}.Debug|Any CPU.ActiveCfg = Debug|Any CPU
		{BAC67519-BBA4-4150-A1A8-ADDF27CFF718}.Debug|Any CPU.Build.0 = Debug|Any CPU
		{BAC67519-BBA4-4150-A1A8-ADDF27CFF718}.Release|Any CPU.ActiveCfg = Release|Any CPU
		{BAC67519-BBA4-4150-A1A8-ADDF27CFF718}.Release|Any CPU.Build.0 = Release|Any CPU
	EndGlobalSection
	GlobalSection(SolutionProperties) = preSolution
		HideSolutionNode = FALSE
	EndGlobalSection
	GlobalSection(ExtensibilityGlobals) = postSolution
		SolutionGuid = {5CCC373E-A186-4F17-920D-218A3D3919D8}
	EndGlobalSection
EndGlobal
