
Microsoft Visual Studio Solution File, Format Version 12.00
# Visual Studio Version 16
VisualStudioVersion = 16.0.810.22
MinimumVisualStudioVersion = 10.0.40219.1
Project("{FAE04EC0-301F-11D3-BF4B-00C04F79EFBC}") = "Sample703", "Sample703\Sample703.csproj", "{03DEE302-052D-4973-B0B4-71F3ECBF5E66}"
EndProject
Global
	GlobalSection(SolutionConfigurationPlatforms) = preSolution
		Debug|Any CPU = Debug|Any CPU
		Release|Any CPU = Release|Any CPU
	EndGlobalSection
	GlobalSection(ProjectConfigurationPlatforms) = postSolution
		{03DEE302-052D-4973-B0B4-71F3ECBF5E66}.Debug|Any CPU.ActiveCfg = Debug|Any CPU
		{03DEE302-052D-4973-B0B4-71F3ECBF5E66}.Debug|Any CPU.Build.0 = Debug|Any CPU
		{03DEE302-052D-4973-B0B4-71F3ECBF5E66}.Release|Any CPU.ActiveCfg = Release|Any CPU
		{03DEE302-052D-4973-B0B4-71F3ECBF5E66}.Release|Any CPU.Build.0 = Release|Any CPU
	EndGlobalSection
	GlobalSection(SolutionProperties) = preSolution
		HideSolutionNode = FALSE
	EndGlobalSection
	GlobalSection(ExtensibilityGlobals) = postSolution
		SolutionGuid = {42B2B85E-A0AF-4E24-830E-BE504B6F8580}
	EndGlobalSection
EndGlobal
