
Microsoft Visual Studio Solution File, Format Version 12.00
# Visual Studio Version 16
VisualStudioVersion = 16.0.810.22
MinimumVisualStudioVersion = 10.0.40219.1
Project("{FAE04EC0-301F-11D3-BF4B-00C04F79EFBC}") = "Sample301", "Sample301\Sample301.csproj", "{1DBD2B99-5397-4946-A790-5EEA38DDDE4F}"
EndProject
Global
	GlobalSection(SolutionConfigurationPlatforms) = preSolution
		Debug|Any CPU = Debug|Any CPU
		Release|Any CPU = Release|Any CPU
	EndGlobalSection
	GlobalSection(ProjectConfigurationPlatforms) = postSolution
		{1DBD2B99-5397-4946-A790-5EEA38DDDE4F}.Debug|Any CPU.ActiveCfg = Debug|Any CPU
		{1DBD2B99-5397-4946-A790-5EEA38DDDE4F}.Debug|Any CPU.Build.0 = Debug|Any CPU
		{1DBD2B99-5397-4946-A790-5EEA38DDDE4F}.Release|Any CPU.ActiveCfg = Release|Any CPU
		{1DBD2B99-5397-4946-A790-5EEA38DDDE4F}.Release|Any CPU.Build.0 = Release|Any CPU
	EndGlobalSection
	GlobalSection(SolutionProperties) = preSolution
		HideSolutionNode = FALSE
	EndGlobalSection
	GlobalSection(ExtensibilityGlobals) = postSolution
		SolutionGuid = {5085F4BF-2F8B-484A-97B8-5DC340D81D81}
	EndGlobalSection
EndGlobal
