
Microsoft Visual Studio Solution File, Format Version 12.00
# Visual Studio Version 16
VisualStudioVersion = 16.0.810.22
MinimumVisualStudioVersion = 10.0.40219.1
Project("{FAE04EC0-301F-11D3-BF4B-00C04F79EFBC}") = "Sample304", "Sample304\Sample304.csproj", "{B89FAC6A-6EFD-4529-8233-A045457F2BFE}"
EndProject
Global
	GlobalSection(SolutionConfigurationPlatforms) = preSolution
		Debug|Any CPU = Debug|Any CPU
		Release|Any CPU = Release|Any CPU
	EndGlobalSection
	GlobalSection(ProjectConfigurationPlatforms) = postSolution
		{B89FAC6A-6EFD-4529-8233-A045457F2BFE}.Debug|Any CPU.ActiveCfg = Debug|Any CPU
		{B89FAC6A-6EFD-4529-8233-A045457F2BFE}.Debug|Any CPU.Build.0 = Debug|Any CPU
		{B89FAC6A-6EFD-4529-8233-A045457F2BFE}.Release|Any CPU.ActiveCfg = Release|Any CPU
		{B89FAC6A-6EFD-4529-8233-A045457F2BFE}.Release|Any CPU.Build.0 = Release|Any CPU
	EndGlobalSection
	GlobalSection(SolutionProperties) = preSolution
		HideSolutionNode = FALSE
	EndGlobalSection
	GlobalSection(ExtensibilityGlobals) = postSolution
		SolutionGuid = {236C9A66-B411-42E4-8B5A-BDC4F8A12072}
	EndGlobalSection
EndGlobal
