
Microsoft Visual Studio Solution File, Format Version 12.00
# Visual Studio Version 16
VisualStudioVersion = 16.0.810.22
MinimumVisualStudioVersion = 10.0.40219.1
Project("{FAE04EC0-301F-11D3-BF4B-00C04F79EFBC}") = "Sample403", "Sample403\Sample403.csproj", "{315432F1-CBF5-442C-95C9-6CA983ACC279}"
EndProject
Global
	GlobalSection(SolutionConfigurationPlatforms) = preSolution
		Debug|Any CPU = Debug|Any CPU
		Release|Any CPU = Release|Any CPU
	EndGlobalSection
	GlobalSection(ProjectConfigurationPlatforms) = postSolution
		{315432F1-CBF5-442C-95C9-6CA983ACC279}.Debug|Any CPU.ActiveCfg = Debug|Any CPU
		{315432F1-CBF5-442C-95C9-6CA983ACC279}.Debug|Any CPU.Build.0 = Debug|Any CPU
		{315432F1-CBF5-442C-95C9-6CA983ACC279}.Release|Any CPU.ActiveCfg = Release|Any CPU
		{315432F1-CBF5-442C-95C9-6CA983ACC279}.Release|Any CPU.Build.0 = Release|Any CPU
	EndGlobalSection
	GlobalSection(SolutionProperties) = preSolution
		HideSolutionNode = FALSE
	EndGlobalSection
	GlobalSection(ExtensibilityGlobals) = postSolution
		SolutionGuid = {D3FD9B10-CB32-4C64-94FE-5C1E35091E5E}
	EndGlobalSection
EndGlobal
