
Microsoft Visual Studio Solution File, Format Version 12.00
# Visual Studio Version 16
VisualStudioVersion = 16.0.810.23
MinimumVisualStudioVersion = 10.0.40219.1
Project("{FAE04EC0-301F-11D3-BF4B-00C04F79EFBC}") = "SampleEx401", "SampleEx401\SampleEx401.csproj", "{76547A9D-D74D-4127-A85B-D025E4FAB2C5}"
EndProject
Global
	GlobalSection(SolutionConfigurationPlatforms) = preSolution
		Debug|Any CPU = Debug|Any CPU
		Release|Any CPU = Release|Any CPU
	EndGlobalSection
	GlobalSection(ProjectConfigurationPlatforms) = postSolution
		{76547A9D-D74D-4127-A85B-D025E4FAB2C5}.Debug|Any CPU.ActiveCfg = Debug|Any CPU
		{76547A9D-D74D-4127-A85B-D025E4FAB2C5}.Debug|Any CPU.Build.0 = Debug|Any CPU
		{76547A9D-D74D-4127-A85B-D025E4FAB2C5}.Release|Any CPU.ActiveCfg = Release|Any CPU
		{76547A9D-D74D-4127-A85B-D025E4FAB2C5}.Release|Any CPU.Build.0 = Release|Any CPU
	EndGlobalSection
	GlobalSection(SolutionProperties) = preSolution
		HideSolutionNode = FALSE
	EndGlobalSection
	GlobalSection(ExtensibilityGlobals) = postSolution
		SolutionGuid = {A5088BEB-C062-4CD7-9F58-2D6133CDD975}
	EndGlobalSection
EndGlobal
