
Microsoft Visual Studio Solution File, Format Version 12.00
# Visual Studio Version 16
VisualStudioVersion = 16.0.810.22
MinimumVisualStudioVersion = 10.0.40219.1
Project("{FAE04EC0-301F-11D3-BF4B-00C04F79EFBC}") = "Sample405", "Sample405\Sample405.csproj", "{11F6CC11-E640-4E2A-B119-DF20A6456119}"
EndProject
Global
	GlobalSection(SolutionConfigurationPlatforms) = preSolution
		Debug|Any CPU = Debug|Any CPU
		Release|Any CPU = Release|Any CPU
	EndGlobalSection
	GlobalSection(ProjectConfigurationPlatforms) = postSolution
		{11F6CC11-E640-4E2A-B119-DF20A6456119}.Debug|Any CPU.ActiveCfg = Debug|Any CPU
		{11F6CC11-E640-4E2A-B119-DF20A6456119}.Debug|Any CPU.Build.0 = Debug|Any CPU
		{11F6CC11-E640-4E2A-B119-DF20A6456119}.Release|Any CPU.ActiveCfg = Release|Any CPU
		{11F6CC11-E640-4E2A-B119-DF20A6456119}.Release|Any CPU.Build.0 = Release|Any CPU
	EndGlobalSection
	GlobalSection(SolutionProperties) = preSolution
		HideSolutionNode = FALSE
	EndGlobalSection
	GlobalSection(ExtensibilityGlobals) = postSolution
		SolutionGuid = {1BB2FDE5-393F-41A1-BF0B-F8A32EADD083}
	EndGlobalSection
EndGlobal
