
Microsoft Visual Studio Solution File, Format Version 12.00
# Visual Studio Version 16
VisualStudioVersion = 16.0.810.23
MinimumVisualStudioVersion = 10.0.40219.1
Project("{FAE04EC0-301F-11D3-BF4B-00C04F79EFBC}") = "SampleEx302", "SampleEx302\SampleEx302.csproj", "{09B53806-AE03-4F1D-8BCF-98011CEC3FA0}"
EndProject
Global
	GlobalSection(SolutionConfigurationPlatforms) = preSolution
		Debug|Any CPU = Debug|Any CPU
		Release|Any CPU = Release|Any CPU
	EndGlobalSection
	GlobalSection(ProjectConfigurationPlatforms) = postSolution
		{09B53806-AE03-4F1D-8BCF-98011CEC3FA0}.Debug|Any CPU.ActiveCfg = Debug|Any CPU
		{09B53806-AE03-4F1D-8BCF-98011CEC3FA0}.Debug|Any CPU.Build.0 = Debug|Any CPU
		{09B53806-AE03-4F1D-8BCF-98011CEC3FA0}.Release|Any CPU.ActiveCfg = Release|Any CPU
		{09B53806-AE03-4F1D-8BCF-98011CEC3FA0}.Release|Any CPU.Build.0 = Release|Any CPU
	EndGlobalSection
	GlobalSection(SolutionProperties) = preSolution
		HideSolutionNode = FALSE
	EndGlobalSection
	GlobalSection(ExtensibilityGlobals) = postSolution
		SolutionGuid = {7CDB3D24-71F6-4BAE-89CD-54897C53342F}
	EndGlobalSection
EndGlobal
